
Microsoft Visual Studio Solution File, Format Version 12.00
# Visual Studio Version 16
VisualStudioVersion = 16.0.31129.286
MinimumVisualStudioVersion = 10.0.40219.1
Project("{9A19103F-16F7-4668-BE54-9A1E7A4F7556}") = "EmailAPI", "EmailAPI\EmailAPI.csproj", "{EA5D003B-120F-42E3-B481-9972AF918C31}"
EndProject
Project("{9A19103F-16F7-4668-BE54-9A1E7A4F7556}") = "EmailService", "EmailService\EmailService.csproj", "{C55C8DF5-6424-495C-A65A-BF45147EB465}"
EndProject
Project("{FAE04EC0-301F-11D3-BF4B-00C04F79EFBC}") = "EmailTest", "EmailTest\EmailTest.csproj", "{741D1B33-2FBB-4007-9107-3CD2FC130FB1}"
EndProject
Global
	GlobalSection(SolutionConfigurationPlatforms) = preSolution
		Debug|Any CPU = Debug|Any CPU
		Release|Any CPU = Release|Any CPU
	EndGlobalSection
	GlobalSection(ProjectConfigurationPlatforms) = postSolution
		{EA5D003B-120F-42E3-B481-9972AF918C31}.Debug|Any CPU.ActiveCfg = Debug|Any CPU
		{EA5D003B-120F-42E3-B481-9972AF918C31}.Debug|Any CPU.Build.0 = Debug|Any CPU
		{EA5D003B-120F-42E3-B481-9972AF918C31}.Release|Any CPU.ActiveCfg = Release|Any CPU
		{EA5D003B-120F-42E3-B481-9972AF918C31}.Release|Any CPU.Build.0 = Release|Any CPU
		{C55C8DF5-6424-495C-A65A-BF45147EB465}.Debug|Any CPU.ActiveCfg = Debug|Any CPU
		{C55C8DF5-6424-495C-A65A-BF45147EB465}.Debug|Any CPU.Build.0 = Debug|Any CPU
		{C55C8DF5-6424-495C-A65A-BF45147EB465}.Release|Any CPU.ActiveCfg = Release|Any CPU
		{C55C8DF5-6424-495C-A65A-BF45147EB465}.Release|Any CPU.Build.0 = Release|Any CPU
		{741D1B33-2FBB-4007-9107-3CD2FC130FB1}.Debug|Any CPU.ActiveCfg = Debug|Any CPU
		{741D1B33-2FBB-4007-9107-3CD2FC130FB1}.Debug|Any CPU.Build.0 = Debug|Any CPU
		{741D1B33-2FBB-4007-9107-3CD2FC130FB1}.Release|Any CPU.ActiveCfg = Release|Any CPU
		{741D1B33-2FBB-4007-9107-3CD2FC130FB1}.Release|Any CPU.Build.0 = Release|Any CPU
	EndGlobalSection
	GlobalSection(SolutionProperties) = preSolution
		HideSolutionNode = FALSE
	EndGlobalSection
	GlobalSection(ExtensibilityGlobals) = postSolution
		SolutionGuid = {126A3407-C37F-4868-82BC-CC99FD2FEE3B}
	EndGlobalSection
EndGlobal
